// !$*UTF8*$!
{
	archiveVersion = 1;
	classes = {
	};
	objectVersion = 46;
	objects = {

/* Begin PBXBuildFile section */
		81B0392C1ECC89FE00D78D17 /* main.m in Sources */ = {isa = PBXBuildFile; fileRef = 81B0392B1ECC89FE00D78D17 /* main.m */; };
		81B0392F1ECC89FE00D78D17 /* AppDelegate.m in Sources */ = {isa = PBXBuildFile; fileRef = 81B0392E1ECC89FE00D78D17 /* AppDelegate.m */; };
		81B039321ECC89FE00D78D17 /* ViewController.m in Sources */ = {isa = PBXBuildFile; fileRef = 81B039311ECC89FE00D78D17 /* ViewController.m */; };
		81B039351ECC89FE00D78D17 /* Main.storyboard in Resources */ = {isa = PBXBuildFile; fileRef = 81B039331ECC89FE00D78D17 /* Main.storyboard */; };
		81B039371ECC89FE00D78D17 /* Assets.xcassets in Resources */ = {isa = PBXBuildFile; fileRef = 81B039361ECC89FE00D78D17 /* Assets.xcassets */; };
		81B0393A1ECC89FE00D78D17 /* LaunchScreen.storyboard in Resources */ = {isa = PBXBuildFile; fileRef = 81B039381ECC89FE00D78D17 /* LaunchScreen.storyboard */; };
/* End PBXBuildFile section */

/* Begin PBXFileReference section */
		81B039271ECC89FE00D78D17 /* Git.app */ = {isa = PBXFileReference; explicitFileType = wrapper.application; includeInIndex = 0; path = Git.app; sourceTree = BUILT_PRODUCTS_DIR; };
		81B0392B1ECC89FE00D78D17 /* main.m */ = {isa = PBXFileReference; lastKnownFileType = sourcecode.c.objc; path = main.m; sourceTree = "<group>"; };
		81B0392D1ECC89FE00D78D17 /* AppDelegate.h */ = {isa = PBXFileReference; lastKnownFileType = sourcecode.c.h; path = AppDelegate.h; sourceTree = "<group>"; };
		81B0392E1ECC89FE00D78D17 /* AppDelegate.m */ = {isa = PBXFileReference; lastKnownFileType = sourcecode.c.objc; path = AppDelegate.m; sourceTree = "<group>"; };
		81B039301ECC89FE00D78D17 /* ViewController.h */ = {isa = PBXFileReference; lastKnownFileType = sourcecode.c.h; path = ViewController.h; sourceTree = "<group>"; };
		81B039311ECC89FE00D78D17 /* ViewController.m */ = {isa = PBXFileReference; lastKnownFileType = sourcecode.c.objc; path = ViewController.m; sourceTree = "<group>"; };
		81B039341ECC89FE00D78D17 /* Base */ = {isa = PBXFileReference; lastKnownFileType = file.storyboard; name = Base; path = Base.lproj/Main.storyboard; sourceTree = "<group>"; };
		81B039361ECC89FE00D78D17 /* Assets.xcassets */ = {isa = PBXFileReference; lastKnownFileType = folder.assetcatalog; path = Assets.xcassets; sourceTree = "<group>"; };
		81B039391ECC89FE00D78D17 /* Base */ = {isa = PBXFileReference; lastKnownFileType = file.storyboard; name = Base; path = Base.lproj/LaunchScreen.storyboard; sourceTree = "<group>"; };
		81B0393B1ECC89FE00D78D17 /* Info.plist */ = {isa = PBXFileReference; lastKnownFileType = text.plist.xml; path = Info.plist; sourceTree = "<group>"; };
/* End PBXFileReference section */

/* Begin PBXFrameworksBuildPhase section */
		81B039241ECC89FE00D78D17 /* Frameworks */ = {
			isa = PBXFrameworksBuildPhase;
			buildActionMask = 2147483647;
			files = (
			);
			runOnlyForDeploymentPostprocessing = 0;
		};
/* End PBXFrameworksBuildPhase section */

/* Begin PBXGroup section */
		81B0391E1ECC89FE00D78D17 = {
			isa = PBXGroup;
			children = (
				81B039291ECC89FE00D78D17 /* Git */,
				81B039281ECC89FE00D78D17 /* Products */,
			);
			sourceTree = "<group>";
		};
		81B039281ECC89FE00D78D17 /* Products */ = {
			isa = PBXGroup;
			children = (
				81B039271ECC89FE00D78D17 /* Git.app */,
			);
			name = Products;
			sourceTree = "<group>";
		};
		81B039291ECC89FE00D78D17 /* Git */ = {
			isa = PBXGroup;
			children = (
				81B0392D1ECC89FE00D78D17 /* AppDelegate.h */,
				81B0392E1ECC89FE00D78D17 /* AppDelegate.m */,
				81B039301ECC89FE00D78D17 /* ViewController.h */,
				81B039311ECC89FE00D78D17 /* ViewController.m */,
				81B039331ECC89FE00D78D17 /* Main.storyboard */,
				81B039361ECC89FE00D78D17 /* Assets.xcassets */,
				81B039381ECC89FE00D78D17 /* LaunchScreen.storyboard */,
				81B0393B1ECC89FE00D78D17 /* Info.plist */,
				81B0392A1ECC89FE00D78D17 /* Supporting Files */,
			);
			path = Git;
			sourceTree = "<group>";
		};
		81B0392A1ECC89FE00D78D17 /* Supporting Files */ = {
			isa = PBXGroup;
			children = (
				81B0392B1ECC89FE00D78D17 /* main.m */,
			);
			name = "Supporting Files";
			sourceTree = "<group>";
		};
/* End PBXGroup section */

/* Begin PBXNativeTarget section */
		81B039261ECC89FE00D78D17 /* Git */ = {
			isa = PBXNativeTarget;
			buildConfigurationList = 81B0393E1ECC89FE00D78D17 /* Build configuration list for PBXNativeTarget "Git" */;
			buildPhases = (
				81B039231ECC89FE00D78D17 /* Sources */,
				81B039241ECC89FE00D78D17 /* Frameworks */,
				81B039251ECC89FE00D78D17 /* Resources */,
			);
			buildRules = (
			);
			dependencies = (
			);
			name = Git;
			productName = Git;
			productReference = 81B039271ECC89FE00D78D17 /* Git.app */;
			productType = "com.apple.product-type.application";
		};
/* End PBXNativeTarget section */

/* Begin PBXProject section */
		81B0391F1ECC89FE00D78D17 /* Project object */ = {
			isa = PBXProject;
			attributes = {
				LastUpgradeCheck = 0730;
				ORGANIZATIONNAME = "朱育锋";
				TargetAttributes = {
					81B039261ECC89FE00D78D17 = {
						CreatedOnToolsVersion = 7.3.1;
					};
				};
			};
			buildConfigurationList = 81B039221ECC89FE00D78D17 /* Build configuration list for PBXProject "Git" */;
			compatibilityVersion = "Xcode 3.2";
			developmentRegion = English;
			hasScannedForEncodings = 0;
			knownRegions = (
				en,
				Base,
			);
			mainGroup = 81B0391E1ECC89FE00D78D17;
			productRefGroup = 81B039281ECC89FE00D78D17 /* Products */;
			projectDirPath = "";
			projectRoot = "";
			targets = (
				81B039261ECC89FE00D78D17 /* Git */,
			);
		};
/* End PBXProject section */

/* Begin PBXResourcesBuildPhase section */
		81B039251ECC89FE00D78D17 /* Resources */ = {
			isa = PBXResourcesBuildPhase;
			buildActionMask = 2147483647;
			files = (
				81B0393A1ECC89FE00D78D17 /* LaunchScreen.storyboard in Resources */,
				81B039371ECC89FE00D78D17 /* Assets.xcassets in Resources */,
				81B039351ECC89FE00D78D17 /* Main.storyboard in Resources */,
			);
			runOnlyForDeploymentPostprocessing = 0;
		};
/* End PBXResourcesBuildPhase section */

/* Begin PBXSourcesBuildPhase section */
		81B039231ECC89FE00D78D17 /* Sources */ = {
			isa = PBXSourcesBuildPhase;
			buildActionMask = 2147483647;
			files = (
				81B039321ECC89FE00D78D17 /* ViewController.m in Sources */,
				81B0392F1ECC89FE00D78D17 /* AppDelegate.m in Sources */,
				81B0392C1ECC89FE00D78D17 /* main.m in Sources */,
			);
			runOnlyForDeploymentPostprocessing = 0;
		};
/* End PBXSourcesBuildPhase section */

/* Begin PBXVariantGroup section */
		81B039331ECC89FE00D78D17 /* Main.storyboard */ = {
			isa = PBXVariantGroup;
			children = (
				81B039341ECC89FE00D78D17 /* Base */,
			);
			name = Main.storyboard;
			sourceTree = "<group>";
		};
		81B039381ECC89FE00D78D17 /* LaunchScreen.storyboard */ = {
			isa = PBXVariantGroup;
			children = (
				81B039391ECC89FE00D78D17 /* Base */,
			);
			name = LaunchScreen.storyboard;
			sourceTree = "<group>";
		};
/* End PBXVariantGroup section */

/* Begin XCBuildConfiguration section */
		81B0393C1ECC89FE00D78D17 /* Debug */ = {
			isa = XCBuildConfiguration;
			buildSettings = {
				ALWAYS_SEARCH_USER_PATHS = NO;
				CLANG_ANALYZER_NONNULL = YES;
				CLANG_CXX_LANGUAGE_STANDARD = "gnu++0x";
				CLANG_CXX_LIBRARY = "libc++";
				CLANG_ENABLE_MODULES = YES;
				CLANG_ENABLE_OBJC_ARC = YES;
				CLANG_WARN_BOOL_CONVERSION = YES;
				CLANG_WARN_CONSTANT_CONVERSION = YES;
				CLANG_WARN_DIRECT_OBJC_ISA_USAGE = YES_ERROR;
				CLANG_WARN_EMPTY_BODY = YES;
				CLANG_WARN_ENUM_CONVERSION = YES;
				CLANG_WARN_INT_CONVERSION = YES;
				CLANG_WARN_OBJC_ROOT_CLASS = YES_ERROR;
				CLANG_WARN_UNREACHABLE_CODE = YES;
				CLANG_WARN__DUPLICATE_METHOD_MATCH = YES;
				"CODE_SIGN_IDENTITY[sdk=iphoneos*]" = "iPhone Developer";
				COPY_PHASE_STRIP = NO;
				DEBUG_INFORMATION_FORMAT = dwarf;
				ENABLE_STRICT_OBJC_MSGSEND = YES;
				ENABLE_TESTABILITY = YES;
				GCC_C_LANGUAGE_STANDARD = gnu99;
				GCC_DYNAMIC_NO_PIC = NO;
				GCC_NO_COMMON_BLOCKS = YES;
				GCC_OPTIMIZATION_LEVEL = 0;
				GCC_PREPROCESSOR_DEFINITIONS = (
					"DEBUG=1",
					"$(inherited)",
				);
				GCC_WARN_64_TO_32_BIT_CONVERSION = YES;
				GCC_WARN_ABOUT_RETURN_TYPE = YES_ERROR;
				GCC_WARN_UNDECLARED_SELECTOR = YES;
				GCC_WARN_UNINITIALIZED_AUTOS = YES_AGGRESSIVE;
				GCC_WARN_UNUSED_FUNCTION = YES;
				GCC_WARN_UNUSED_VARIABLE = YES;
				IPHONEOS_DEPLOYMENT_TARGET = 9.3;
				MTL_ENABLE_DEBUG_INFO = YES;
				ONLY_ACTIVE_ARCH = YES;
				SDKROOT = iphoneos;
			};
			name = Debug;
		};
		81B0393D1ECC89FE00D78D17 /* Release */ = {
			isa = XCBuildConfiguration;
			buildSettings = {
				ALWAYS_SEARCH_USER_PATHS = NO;
				CLANG_ANALYZER_NONNULL = YES;
				CLANG_CXX_LANGUAGE_STANDARD = "gnu++0x";
				CLANG_CXX_LIBRARY = "libc++";
				CLANG_ENABLE_MODULES = YES;
				CLANG_ENABLE_OBJC_ARC = YES;
				CLANG_WARN_BOOL_CONVERSION = YES;
				CLANG_WARN_CONSTANT_CONVERSION = YES;
				CLANG_WARN_DIRECT_OBJC_ISA_USAGE = YES_ERROR;
				CLANG_WARN_EMPTY_BODY = YES;
				CLANG_WARN_ENUM_CONVERSION = YES;
				CLANG_WARN_INT_CONVERSION = YES;
				CLANG_WARN_OBJC_ROOT_CLASS = YES_ERROR;
				CLANG_WARN_UNREACHABLE_CODE = YES;
				CLANG_WARN__DUPLICATE_METHOD_MATCH = YES;
				"CODE_SIGN_IDENTITY[sdk=iphoneos*]" = "iPhone Developer";
				COPY_PHASE_STRIP = NO;
				DEBUG_INFORMATION_FORMAT = "dwarf-with-dsym";
				ENABLE_NS_ASSERTIONS = NO;
				ENABLE_STRICT_OBJC_MSGSEND = YES;
				GCC_C_LANGUAGE_STANDARD = gnu99;
				GCC_NO_COMMON_BLOCKS = YES;
				GCC_WARN_64_TO_32_BIT_CONVERSION = YES;
				GCC_WARN_ABOUT_RETURN_TYPE = YES_ERROR;
				GCC_WARN_UNDECLARED_SELECTOR = YES;
				GCC_WARN_UNINITIALIZED_AUTOS = YES_AGGRESSIVE;
				GCC_WARN_UNUSED_FUNCTION = YES;
				GCC_WARN_UNUSED_VARIABLE = YES;
				IPHONEOS_DEPLOYMENT_TARGET = 9.3;
				MTL_ENABLE_DEBUG_INFO = NO;
				SDKROOT = iphoneos;
				VALIDATE_PRODUCT = YES;
			};
			name = Release;
		};
		81B0393F1ECC89FE00D78D17 /* Debug */ = {
			isa = XCBuildConfiguration;
			buildSettings = {
				ASSETCATALOG_COMPILER_APPICON_NAME = AppIcon;
				INFOPLIST_FILE = Git/Info.plist;
				LD_RUNPATH_SEARCH_PATHS = "$(inherited) @executable_path/Frameworks";
				PRODUCT_BUNDLE_IDENTIFIER = com.smgcompany.Git;
				PRODUCT_NAME = "$(TARGET_NAME)";
			};
			name = Debug;
		};
		81B039401ECC89FE00D78D17 /* Release */ = {
			isa = XCBuildConfiguration;
			buildSettings = {
				ASSETCATALOG_COMPILER_APPICON_NAME = AppIcon;
				INFOPLIST_FILE = Git/Info.plist;
				LD_RUNPATH_SEARCH_PATHS = "$(inherited) @executable_path/Frameworks";
				PRODUCT_BUNDLE_IDENTIFIER = com.smgcompany.Git;
				PRODUCT_NAME = "$(TARGET_NAME)";
			};
			name = Release;
		};
/* End XCBuildConfiguration section */

/* Begin XCConfigurationList section */
		81B039221ECC89FE00D78D17 /* Build configuration list for PBXProject "Git" */ = {
			isa = XCConfigurationList;
			buildConfigurations = (
				81B0393C1ECC89FE00D78D17 /* Debug */,
				81B0393D1ECC89FE00D78D17 /* Release */,
			);
			defaultConfigurationIsVisible = 0;
			defaultConfigurationName = Release;
		};
		81B0393E1ECC89FE00D78D17 /* Build configuration list for PBXNativeTarget "Git" */ = {
			isa = XCConfigurationList;
			buildConfigurations = (
				81B0393F1ECC89FE00D78D17 /* Debug */,
				81B039401ECC89FE00D78D17 /* Release */,
			);
			defaultConfigurationIsVisible = 0;
		};
/* End XCConfigurationList section */
	};
	rootObject = 81B0391F1ECC89FE00D78D17 /* Project object */;
}
